
Microsoft Visual Studio Solution File, Format Version 12.00
# Visual Studio Version 17
VisualStudioVersion = 17.0.31912.275
MinimumVisualStudioVersion = 10.0.40219.1
Project("{FAE04EC0-301F-11D3-BF4B-00C04F79EFBC}") = "ProductsService", "ProductsService.csproj", "{6AF23191-9E0D-4225-85C7-91656B644162}"
EndProject
Global
	GlobalSection(SolutionConfigurationPlatforms) = preSolution
		Debug|Any CPU = Debug|Any CPU
		Release|Any CPU = Release|Any CPU
	EndGlobalSection
	GlobalSection(ProjectConfigurationPlatforms) = postSolution
		{6AF23191-9E0D-4225-85C7-91656B644162}.Debug|Any CPU.ActiveCfg = Debug|Any CPU
		{6AF23191-9E0D-4225-85C7-91656B644162}.Debug|Any CPU.Build.0 = Debug|Any CPU
		{6AF23191-9E0D-4225-85C7-91656B644162}.Release|Any CPU.ActiveCfg = Release|Any CPU
		{6AF23191-9E0D-4225-85C7-91656B644162}.Release|Any CPU.Build.0 = Release|Any CPU
	EndGlobalSection
	GlobalSection(SolutionProperties) = preSolution
		HideSolutionNode = FALSE
	EndGlobalSection
	GlobalSection(ExtensibilityGlobals) = postSolution
		SolutionGuid = {DD20D2B8-AE59-42A9-BB3B-AF54050DF9FF}
	EndGlobalSection
EndGlobal
